// !$*UTF8*$!
{
	archiveVersion = 1;
	classes = {
	};
	objectVersion = 56;
	objects = {

/* Begin PBXBuildFile section */
		4E19BDDD2BCD3CBB00063AC5 /* OpenWeatherMapApp.swift in Sources */ = {isa = PBXBuildFile; fileRef = 4E19BDDC2BCD3CBB00063AC5 /* OpenWeatherMapApp.swift */; };
		4E19BDDF2BCD3CBB00063AC5 /* ContentView.swift in Sources */ = {isa = PBXBuildFile; fileRef = 4E19BDDE2BCD3CBB00063AC5 /* ContentView.swift */; };
		4E19BDE12BCD3CBC00063AC5 /* Assets.xcassets in Resources */ = {isa = PBXBuildFile; fileRef = 4E19BDE02BCD3CBC00063AC5 /* Assets.xcassets */; };
		4E19BDE42BCD3CBC00063AC5 /* Preview Assets.xcassets in Resources */ = {isa = PBXBuildFile; fileRef = 4E19BDE32BCD3CBC00063AC5 /* Preview Assets.xcassets */; };
		4E19BDEE2BCD3CBC00063AC5 /* OpenWeatherMapTests.swift in Sources */ = {isa = PBXBuildFile; fileRef = 4E19BDED2BCD3CBC00063AC5 /* OpenWeatherMapTests.swift */; };
		4E19BDF82BCD3CBC00063AC5 /* OpenWeatherMapUITests.swift in Sources */ = {isa = PBXBuildFile; fileRef = 4E19BDF72BCD3CBC00063AC5 /* OpenWeatherMapUITests.swift */; };
		4E19BDFA2BCD3CBC00063AC5 /* OpenWeatherMapUITestsLaunchTests.swift in Sources */ = {isa = PBXBuildFile; fileRef = 4E19BDF92BCD3CBC00063AC5 /* OpenWeatherMapUITestsLaunchTests.swift */; };
		4E19BE0A2BCD74FB00063AC5 /* FiveDaysForecast.swift in Sources */ = {isa = PBXBuildFile; fileRef = 4E19BE092BCD74FB00063AC5 /* FiveDaysForecast.swift */; };
		4E19BE102BCD798500063AC5 /* FiveDaysForecastView.swift in Sources */ = {isa = PBXBuildFile; fileRef = 4E19BE0F2BCD798500063AC5 /* FiveDaysForecastView.swift */; };
		4E19BE172BCD857B00063AC5 /* OpenWeatherMapClient.swift in Sources */ = {isa = PBXBuildFile; fileRef = 4E19BE162BCD857B00063AC5 /* OpenWeatherMapClient.swift */; };
		4E19BE1B2BCD8A6000063AC5 /* RxBlocking in Frameworks */ = {isa = PBXBuildFile; productRef = 4E19BE1A2BCD8A6000063AC5 /* RxBlocking */; };
		4E19BE1D2BCD8A6000063AC5 /* RxBlocking-Dynamic in Frameworks */ = {isa = PBXBuildFile; productRef = 4E19BE1C2BCD8A6000063AC5 /* RxBlocking-Dynamic */; };
		4E19BE1F2BCD8A6000063AC5 /* RxCocoa in Frameworks */ = {isa = PBXBuildFile; productRef = 4E19BE1E2BCD8A6000063AC5 /* RxCocoa */; };
		4E19BE212BCD8A6000063AC5 /* RxCocoa-Dynamic in Frameworks */ = {isa = PBXBuildFile; productRef = 4E19BE202BCD8A6000063AC5 /* RxCocoa-Dynamic */; };
		4E19BE232BCD8A6000063AC5 /* RxRelay in Frameworks */ = {isa = PBXBuildFile; productRef = 4E19BE222BCD8A6000063AC5 /* RxRelay */; };
		4E19BE262BCD8B9100063AC5 /* NetworkService.swift in Sources */ = {isa = PBXBuildFile; fileRef = 4E19BE252BCD8B9100063AC5 /* NetworkService.swift */; };
		4E19BE292BCD8DE900063AC5 /* Endpoint.swift in Sources */ = {isa = PBXBuildFile; fileRef = 4E19BE282BCD8DE900063AC5 /* Endpoint.swift */; };
		4E19BE2B2BCE5AB300063AC5 /* OpenWeatherMapEndpoint.swift in Sources */ = {isa = PBXBuildFile; fileRef = 4E19BE2A2BCE5AB300063AC5 /* OpenWeatherMapEndpoint.swift */; };
		4E19BE2E2BCE5AE600063AC5 /* FiveDaysForecastEndpoint.swift in Sources */ = {isa = PBXBuildFile; fileRef = 4E19BE2D2BCE5AE600063AC5 /* FiveDaysForecastEndpoint.swift */; };
		4E19BE322BCEEDEF00063AC5 /* WeatherIconEndpoint.swift in Sources */ = {isa = PBXBuildFile; fileRef = 4E19BE312BCEEDEF00063AC5 /* WeatherIconEndpoint.swift */; };
		4E3CB8DA2BCFEFB60028DCA4 /* AsyncIconView.swift in Sources */ = {isa = PBXBuildFile; fileRef = 4E3CB8D92BCFEFB60028DCA4 /* AsyncIconView.swift */; };
		4E3CB8DC2BD006280028DCA4 /* FiveDaysForecastRowView.swift in Sources */ = {isa = PBXBuildFile; fileRef = 4E3CB8DB2BD006280028DCA4 /* FiveDaysForecastRowView.swift */; };
		4E3CB8DE2BD0066F0028DCA4 /* FiveDaysForecastDayView.swift in Sources */ = {isa = PBXBuildFile; fileRef = 4E3CB8DD2BD0066F0028DCA4 /* FiveDaysForecastDayView.swift */; };
		4E3CB8E12BD00A3C0028DCA4 /* DetailForecastView.swift in Sources */ = {isa = PBXBuildFile; fileRef = 4E3CB8E02BD00A3C0028DCA4 /* DetailForecastView.swift */; };
		4E3CB8E42BD00EF80028DCA4 /* TimeInterval+OpenWeatherMap.swift in Sources */ = {isa = PBXBuildFile; fileRef = 4E3CB8E32BD00EF80028DCA4 /* TimeInterval+OpenWeatherMap.swift */; };
		4E3CB8E62BD00F5E0028DCA4 /* RoundedRectangleButtonStyle.swift in Sources */ = {isa = PBXBuildFile; fileRef = 4E3CB8E52BD00F5E0028DCA4 /* RoundedRectangleButtonStyle.swift */; };
		4E3CB8E92BD012B80028DCA4 /* FiveDaysForecast.json in Resources */ = {isa = PBXBuildFile; fileRef = 4E3CB8E82BD012B80028DCA4 /* FiveDaysForecast.json */; };
		4E3CB8EC2BD015BA0028DCA4 /* DummyFiveDaysForecastLoader.swift in Sources */ = {isa = PBXBuildFile; fileRef = 4E3CB8EB2BD015BA0028DCA4 /* DummyFiveDaysForecastLoader.swift */; };
/* End PBXBuildFile section */

/* Begin PBXContainerItemProxy section */
		4E19BDEA2BCD3CBC00063AC5 /* PBXContainerItemProxy */ = {
			isa = PBXContainerItemProxy;
			containerPortal = 4E19BDD12BCD3CBB00063AC5 /* Project object */;
			proxyType = 1;
			remoteGlobalIDString = 4E19BDD82BCD3CBB00063AC5;
			remoteInfo = OpenWeatherMap;
		};
		4E19BDF42BCD3CBC00063AC5 /* PBXContainerItemProxy */ = {
			isa = PBXContainerItemProxy;
			containerPortal = 4E19BDD12BCD3CBB00063AC5 /* Project object */;
			proxyType = 1;
			remoteGlobalIDString = 4E19BDD82BCD3CBB00063AC5;
			remoteInfo = OpenWeatherMap;
		};
/* End PBXContainerItemProxy section */

/* Begin PBXFileReference section */
		4E19BDD92BCD3CBB00063AC5 /* OpenWeatherMap.app */ = {isa = PBXFileReference; explicitFileType = wrapper.application; includeInIndex = 0; path = OpenWeatherMap.app; sourceTree = BUILT_PRODUCTS_DIR; };
		4E19BDDC2BCD3CBB00063AC5 /* OpenWeatherMapApp.swift */ = {isa = PBXFileReference; lastKnownFileType = sourcecode.swift; path = OpenWeatherMapApp.swift; sourceTree = "<group>"; };
		4E19BDDE2BCD3CBB00063AC5 /* ContentView.swift */ = {isa = PBXFileReference; lastKnownFileType = sourcecode.swift; path = ContentView.swift; sourceTree = "<group>"; };
		4E19BDE02BCD3CBC00063AC5 /* Assets.xcassets */ = {isa = PBXFileReference; lastKnownFileType = folder.assetcatalog; path = Assets.xcassets; sourceTree = "<group>"; };
		4E19BDE32BCD3CBC00063AC5 /* Preview Assets.xcassets */ = {isa = PBXFileReference; lastKnownFileType = folder.assetcatalog; path = "Preview Assets.xcassets"; sourceTree = "<group>"; };
		4E19BDE92BCD3CBC00063AC5 /* OpenWeatherMapTests.xctest */ = {isa = PBXFileReference; explicitFileType = wrapper.cfbundle; includeInIndex = 0; path = OpenWeatherMapTests.xctest; sourceTree = BUILT_PRODUCTS_DIR; };
		4E19BDED2BCD3CBC00063AC5 /* OpenWeatherMapTests.swift */ = {isa = PBXFileReference; lastKnownFileType = sourcecode.swift; path = OpenWeatherMapTests.swift; sourceTree = "<group>"; };
		4E19BDF32BCD3CBC00063AC5 /* OpenWeatherMapUITests.xctest */ = {isa = PBXFileReference; explicitFileType = wrapper.cfbundle; includeInIndex = 0; path = OpenWeatherMapUITests.xctest; sourceTree = BUILT_PRODUCTS_DIR; };
		4E19BDF72BCD3CBC00063AC5 /* OpenWeatherMapUITests.swift */ = {isa = PBXFileReference; lastKnownFileType = sourcecode.swift; path = OpenWeatherMapUITests.swift; sourceTree = "<group>"; };
		4E19BDF92BCD3CBC00063AC5 /* OpenWeatherMapUITestsLaunchTests.swift */ = {isa = PBXFileReference; lastKnownFileType = sourcecode.swift; path = OpenWeatherMapUITestsLaunchTests.swift; sourceTree = "<group>"; };
		4E19BE092BCD74FB00063AC5 /* FiveDaysForecast.swift */ = {isa = PBXFileReference; lastKnownFileType = sourcecode.swift; path = FiveDaysForecast.swift; sourceTree = "<group>"; };
		4E19BE0F2BCD798500063AC5 /* FiveDaysForecastView.swift */ = {isa = PBXFileReference; lastKnownFileType = sourcecode.swift; path = FiveDaysForecastView.swift; sourceTree = "<group>"; };
		4E19BE162BCD857B00063AC5 /* OpenWeatherMapClient.swift */ = {isa = PBXFileReference; lastKnownFileType = sourcecode.swift; path = OpenWeatherMapClient.swift; sourceTree = "<group>"; };
		4E19BE252BCD8B9100063AC5 /* NetworkService.swift */ = {isa = PBXFileReference; lastKnownFileType = sourcecode.swift; path = NetworkService.swift; sourceTree = "<group>"; };
		4E19BE282BCD8DE900063AC5 /* Endpoint.swift */ = {isa = PBXFileReference; lastKnownFileType = sourcecode.swift; path = Endpoint.swift; sourceTree = "<group>"; };
		4E19BE2A2BCE5AB300063AC5 /* OpenWeatherMapEndpoint.swift */ = {isa = PBXFileReference; lastKnownFileType = sourcecode.swift; path = OpenWeatherMapEndpoint.swift; sourceTree = "<group>"; };
		4E19BE2D2BCE5AE600063AC5 /* FiveDaysForecastEndpoint.swift */ = {isa = PBXFileReference; lastKnownFileType = sourcecode.swift; path = FiveDaysForecastEndpoint.swift; sourceTree = "<group>"; };
		4E19BE312BCEEDEF00063AC5 /* WeatherIconEndpoint.swift */ = {isa = PBXFileReference; lastKnownFileType = sourcecode.swift; path = WeatherIconEndpoint.swift; sourceTree = "<group>"; };
		4E3CB8D92BCFEFB60028DCA4 /* AsyncIconView.swift */ = {isa = PBXFileReference; lastKnownFileType = sourcecode.swift; path = AsyncIconView.swift; sourceTree = "<group>"; };
		4E3CB8DB2BD006280028DCA4 /* FiveDaysForecastRowView.swift */ = {isa = PBXFileReference; lastKnownFileType = sourcecode.swift; path = FiveDaysForecastRowView.swift; sourceTree = "<group>"; };
		4E3CB8DD2BD0066F0028DCA4 /* FiveDaysForecastDayView.swift */ = {isa = PBXFileReference; lastKnownFileType = sourcecode.swift; path = FiveDaysForecastDayView.swift; sourceTree = "<group>"; };
		4E3CB8E02BD00A3C0028DCA4 /* DetailForecastView.swift */ = {isa = PBXFileReference; lastKnownFileType = sourcecode.swift; path = DetailForecastView.swift; sourceTree = "<group>"; };
		4E3CB8E32BD00EF80028DCA4 /* TimeInterval+OpenWeatherMap.swift */ = {isa = PBXFileReference; lastKnownFileType = sourcecode.swift; path = "TimeInterval+OpenWeatherMap.swift"; sourceTree = "<group>"; };
		4E3CB8E52BD00F5E0028DCA4 /* RoundedRectangleButtonStyle.swift */ = {isa = PBXFileReference; lastKnownFileType = sourcecode.swift; path = RoundedRectangleButtonStyle.swift; sourceTree = "<group>"; };
		4E3CB8E82BD012B80028DCA4 /* FiveDaysForecast.json */ = {isa = PBXFileReference; lastKnownFileType = text.json; path = FiveDaysForecast.json; sourceTree = "<group>"; };
		4E3CB8EB2BD015BA0028DCA4 /* DummyFiveDaysForecastLoader.swift */ = {isa = PBXFileReference; lastKnownFileType = sourcecode.swift; path = DummyFiveDaysForecastLoader.swift; sourceTree = "<group>"; };
/* End PBXFileReference section */

/* Begin PBXFrameworksBuildPhase section */
		4E19BDD62BCD3CBB00063AC5 /* Frameworks */ = {
			isa = PBXFrameworksBuildPhase;
			buildActionMask = 2147483647;
			files = (
				4E19BE232BCD8A6000063AC5 /* RxRelay in Frameworks */,
				4E19BE212BCD8A6000063AC5 /* RxCocoa-Dynamic in Frameworks */,
				4E19BE1F2BCD8A6000063AC5 /* RxCocoa in Frameworks */,
				4E19BE1B2BCD8A6000063AC5 /* RxBlocking in Frameworks */,
				4E19BE1D2BCD8A6000063AC5 /* RxBlocking-Dynamic in Frameworks */,
			);
			runOnlyForDeploymentPostprocessing = 0;
		};
		4E19BDE62BCD3CBC00063AC5 /* Frameworks */ = {
			isa = PBXFrameworksBuildPhase;
			buildActionMask = 2147483647;
			files = (
			);
			runOnlyForDeploymentPostprocessing = 0;
		};
		4E19BDF02BCD3CBC00063AC5 /* Frameworks */ = {
			isa = PBXFrameworksBuildPhase;
			buildActionMask = 2147483647;
			files = (
			);
			runOnlyForDeploymentPostprocessing = 0;
		};
/* End PBXFrameworksBuildPhase section */

/* Begin PBXGroup section */
		4E19BDD02BCD3CBB00063AC5 = {
			isa = PBXGroup;
			children = (
				4E19BDDB2BCD3CBB00063AC5 /* OpenWeatherMap */,
				4E19BDEC2BCD3CBC00063AC5 /* OpenWeatherMapTests */,
				4E19BDF62BCD3CBC00063AC5 /* OpenWeatherMapUITests */,
				4E19BDDA2BCD3CBB00063AC5 /* Products */,
			);
			sourceTree = "<group>";
		};
		4E19BDDA2BCD3CBB00063AC5 /* Products */ = {
			isa = PBXGroup;
			children = (
				4E19BDD92BCD3CBB00063AC5 /* OpenWeatherMap.app */,
				4E19BDE92BCD3CBC00063AC5 /* OpenWeatherMapTests.xctest */,
				4E19BDF32BCD3CBC00063AC5 /* OpenWeatherMapUITests.xctest */,
			);
			name = Products;
			sourceTree = "<group>";
		};
		4E19BDDB2BCD3CBB00063AC5 /* OpenWeatherMap */ = {
			isa = PBXGroup;
			children = (
				4E19BDDC2BCD3CBB00063AC5 /* OpenWeatherMapApp.swift */,
				4E19BE0C2BCD794F00063AC5 /* View */,
				4E19BE0B2BCD780E00063AC5 /* Network */,
				4E19BE062BCD74AD00063AC5 /* Model */,
				4E3CB8E22BD00EDB0028DCA4 /* Extensions */,
				4E3CB8EA2BD0158B0028DCA4 /* Utils */,
				4E3CB8E72BD011FA0028DCA4 /* Resources */,
				4E19BDE02BCD3CBC00063AC5 /* Assets.xcassets */,
				4E19BDE22BCD3CBC00063AC5 /* Preview Content */,
			);
			path = OpenWeatherMap;
			sourceTree = "<group>";
		};
		4E19BDE22BCD3CBC00063AC5 /* Preview Content */ = {
			isa = PBXGroup;
			children = (
				4E19BDE32BCD3CBC00063AC5 /* Preview Assets.xcassets */,
			);
			path = "Preview Content";
			sourceTree = "<group>";
		};
		4E19BDEC2BCD3CBC00063AC5 /* OpenWeatherMapTests */ = {
			isa = PBXGroup;
			children = (
				4E19BDED2BCD3CBC00063AC5 /* OpenWeatherMapTests.swift */,
			);
			path = OpenWeatherMapTests;
			sourceTree = "<group>";
		};
		4E19BDF62BCD3CBC00063AC5 /* OpenWeatherMapUITests */ = {
			isa = PBXGroup;
			children = (
				4E19BDF72BCD3CBC00063AC5 /* OpenWeatherMapUITests.swift */,
				4E19BDF92BCD3CBC00063AC5 /* OpenWeatherMapUITestsLaunchTests.swift */,
			);
			path = OpenWeatherMapUITests;
			sourceTree = "<group>";
		};
		4E19BE062BCD74AD00063AC5 /* Model */ = {
			isa = PBXGroup;
			children = (
				4E19BE092BCD74FB00063AC5 /* FiveDaysForecast.swift */,
			);
			path = Model;
			sourceTree = "<group>";
		};
		4E19BE0B2BCD780E00063AC5 /* Network */ = {
			isa = PBXGroup;
			children = (
				4E19BE242BCD8B7C00063AC5 /* Service */,
				4E19BE152BCD855700063AC5 /* Client */,
			);
			path = Network;
			sourceTree = "<group>";
		};
		4E19BE0C2BCD794F00063AC5 /* View */ = {
			isa = PBXGroup;
			children = (
				4E3CB8DF2BD00A1A0028DCA4 /* DayForecast */,
				4E19BE142BCD83C400063AC5 /* FiveDaysForecast */,
				4E19BDDE2BCD3CBB00063AC5 /* ContentView.swift */,
			);
			path = View;
			sourceTree = "<group>";
		};
		4E19BE142BCD83C400063AC5 /* FiveDaysForecast */ = {
			isa = PBXGroup;
			children = (
				4E3CB8E52BD00F5E0028DCA4 /* RoundedRectangleButtonStyle.swift */,
				4E19BE0F2BCD798500063AC5 /* FiveDaysForecastView.swift */,
				4E3CB8D92BCFEFB60028DCA4 /* AsyncIconView.swift */,
				4E3CB8DB2BD006280028DCA4 /* FiveDaysForecastRowView.swift */,
				4E3CB8DD2BD0066F0028DCA4 /* FiveDaysForecastDayView.swift */,
			);
			path = FiveDaysForecast;
			sourceTree = "<group>";
		};
		4E19BE152BCD855700063AC5 /* Client */ = {
			isa = PBXGroup;
			children = (
				4E19BE272BCD8DDA00063AC5 /* Model */,
				4E19BE162BCD857B00063AC5 /* OpenWeatherMapClient.swift */,
			);
			path = Client;
			sourceTree = "<group>";
		};
		4E19BE242BCD8B7C00063AC5 /* Service */ = {
			isa = PBXGroup;
			children = (
				4E19BE302BCED7AD00063AC5 /* Model */,
				4E19BE252BCD8B9100063AC5 /* NetworkService.swift */,
			);
			path = Service;
			sourceTree = "<group>";
		};
		4E19BE272BCD8DDA00063AC5 /* Model */ = {
			isa = PBXGroup;
			children = (
				4E19BE2C2BCE5AD000063AC5 /* Endpoints */,
				4E19BE2A2BCE5AB300063AC5 /* OpenWeatherMapEndpoint.swift */,
			);
			path = Model;
			sourceTree = "<group>";
		};
		4E19BE2C2BCE5AD000063AC5 /* Endpoints */ = {
			isa = PBXGroup;
			children = (
				4E19BE2D2BCE5AE600063AC5 /* FiveDaysForecastEndpoint.swift */,
				4E19BE312BCEEDEF00063AC5 /* WeatherIconEndpoint.swift */,
			);
			path = Endpoints;
			sourceTree = "<group>";
		};
		4E19BE302BCED7AD00063AC5 /* Model */ = {
			isa = PBXGroup;
			children = (
				4E19BE282BCD8DE900063AC5 /* Endpoint.swift */,
			);
			path = Model;
			sourceTree = "<group>";
		};
		4E3CB8DF2BD00A1A0028DCA4 /* DayForecast */ = {
			isa = PBXGroup;
			children = (
				4E3CB8E02BD00A3C0028DCA4 /* DetailForecastView.swift */,
			);
			path = DayForecast;
			sourceTree = "<group>";
		};
		4E3CB8E22BD00EDB0028DCA4 /* Extensions */ = {
			isa = PBXGroup;
			children = (
				4E3CB8E32BD00EF80028DCA4 /* TimeInterval+OpenWeatherMap.swift */,
			);
			path = Extensions;
			sourceTree = "<group>";
		};
		4E3CB8E72BD011FA0028DCA4 /* Resources */ = {
			isa = PBXGroup;
			children = (
				4E3CB8E82BD012B80028DCA4 /* FiveDaysForecast.json */,
			);
			path = Resources;
			sourceTree = "<group>";
		};
		4E3CB8EA2BD0158B0028DCA4 /* Utils */ = {
			isa = PBXGroup;
			children = (
				4E3CB8EB2BD015BA0028DCA4 /* DummyFiveDaysForecastLoader.swift */,
			);
			path = Utils;
			sourceTree = "<group>";
		};
/* End PBXGroup section */

/* Begin PBXNativeTarget section */
		4E19BDD82BCD3CBB00063AC5 /* OpenWeatherMap */ = {
			isa = PBXNativeTarget;
			buildConfigurationList = 4E19BDFD2BCD3CBC00063AC5 /* Build configuration list for PBXNativeTarget "OpenWeatherMap" */;
			buildPhases = (
				4E19BDD52BCD3CBB00063AC5 /* Sources */,
				4E19BDD62BCD3CBB00063AC5 /* Frameworks */,
				4E19BDD72BCD3CBB00063AC5 /* Resources */,
			);
			buildRules = (
			);
			dependencies = (
			);
			name = OpenWeatherMap;
			packageProductDependencies = (
				4E19BE1A2BCD8A6000063AC5 /* RxBlocking */,
				4E19BE1C2BCD8A6000063AC5 /* RxBlocking-Dynamic */,
				4E19BE1E2BCD8A6000063AC5 /* RxCocoa */,
				4E19BE202BCD8A6000063AC5 /* RxCocoa-Dynamic */,
				4E19BE222BCD8A6000063AC5 /* RxRelay */,
			);
			productName = OpenWeatherMap;
			productReference = 4E19BDD92BCD3CBB00063AC5 /* OpenWeatherMap.app */;
			productType = "com.apple.product-type.application";
		};
		4E19BDE82BCD3CBC00063AC5 /* OpenWeatherMapTests */ = {
			isa = PBXNativeTarget;
			buildConfigurationList = 4E19BE002BCD3CBC00063AC5 /* Build configuration list for PBXNativeTarget "OpenWeatherMapTests" */;
			buildPhases = (
				4E19BDE52BCD3CBC00063AC5 /* Sources */,
				4E19BDE62BCD3CBC00063AC5 /* Frameworks */,
				4E19BDE72BCD3CBC00063AC5 /* Resources */,
			);
			buildRules = (
			);
			dependencies = (
				4E19BDEB2BCD3CBC00063AC5 /* PBXTargetDependency */,
			);
			name = OpenWeatherMapTests;
			productName = OpenWeatherMapTests;
			productReference = 4E19BDE92BCD3CBC00063AC5 /* OpenWeatherMapTests.xctest */;
			productType = "com.apple.product-type.bundle.unit-test";
		};
		4E19BDF22BCD3CBC00063AC5 /* OpenWeatherMapUITests */ = {
			isa = PBXNativeTarget;
			buildConfigurationList = 4E19BE032BCD3CBC00063AC5 /* Build configuration list for PBXNativeTarget "OpenWeatherMapUITests" */;
			buildPhases = (
				4E19BDEF2BCD3CBC00063AC5 /* Sources */,
				4E19BDF02BCD3CBC00063AC5 /* Frameworks */,
				4E19BDF12BCD3CBC00063AC5 /* Resources */,
			);
			buildRules = (
			);
			dependencies = (
				4E19BDF52BCD3CBC00063AC5 /* PBXTargetDependency */,
			);
			name = OpenWeatherMapUITests;
			productName = OpenWeatherMapUITests;
			productReference = 4E19BDF32BCD3CBC00063AC5 /* OpenWeatherMapUITests.xctest */;
			productType = "com.apple.product-type.bundle.ui-testing";
		};
/* End PBXNativeTarget section */

/* Begin PBXProject section */
		4E19BDD12BCD3CBB00063AC5 /* Project object */ = {
			isa = PBXProject;
			attributes = {
				BuildIndependentTargetsInParallel = 1;
				LastSwiftUpdateCheck = 1530;
				LastUpgradeCheck = 1530;
				TargetAttributes = {
					4E19BDD82BCD3CBB00063AC5 = {
						CreatedOnToolsVersion = 15.3;
					};
					4E19BDE82BCD3CBC00063AC5 = {
						CreatedOnToolsVersion = 15.3;
						TestTargetID = 4E19BDD82BCD3CBB00063AC5;
					};
					4E19BDF22BCD3CBC00063AC5 = {
						CreatedOnToolsVersion = 15.3;
						TestTargetID = 4E19BDD82BCD3CBB00063AC5;
					};
				};
			};
			buildConfigurationList = 4E19BDD42BCD3CBB00063AC5 /* Build configuration list for PBXProject "OpenWeatherMap" */;
			compatibilityVersion = "Xcode 14.0";
			developmentRegion = en;
			hasScannedForEncodings = 0;
			knownRegions = (
				en,
				Base,
			);
			mainGroup = 4E19BDD02BCD3CBB00063AC5;
			packageReferences = (
				4E19BE192BCD8A6000063AC5 /* XCRemoteSwiftPackageReference "RxSwift" */,
			);
			productRefGroup = 4E19BDDA2BCD3CBB00063AC5 /* Products */;
			projectDirPath = "";
			projectRoot = "";
			targets = (
				4E19BDD82BCD3CBB00063AC5 /* OpenWeatherMap */,
				4E19BDE82BCD3CBC00063AC5 /* OpenWeatherMapTests */,
				4E19BDF22BCD3CBC00063AC5 /* OpenWeatherMapUITests */,
			);
		};
/* End PBXProject section */

/* Begin PBXResourcesBuildPhase section */
		4E19BDD72BCD3CBB00063AC5 /* Resources */ = {
			isa = PBXResourcesBuildPhase;
			buildActionMask = 2147483647;
			files = (
				4E19BDE42BCD3CBC00063AC5 /* Preview Assets.xcassets in Resources */,
				4E3CB8E92BD012B80028DCA4 /* FiveDaysForecast.json in Resources */,
				4E19BDE12BCD3CBC00063AC5 /* Assets.xcassets in Resources */,
			);
			runOnlyForDeploymentPostprocessing = 0;
		};
		4E19BDE72BCD3CBC00063AC5 /* Resources */ = {
			isa = PBXResourcesBuildPhase;
			buildActionMask = 2147483647;
			files = (
			);
			runOnlyForDeploymentPostprocessing = 0;
		};
		4E19BDF12BCD3CBC00063AC5 /* Resources */ = {
			isa = PBXResourcesBuildPhase;
			buildActionMask = 2147483647;
			files = (
			);
			runOnlyForDeploymentPostprocessing = 0;
		};
/* End PBXResourcesBuildPhase section */

/* Begin PBXSourcesBuildPhase section */
		4E19BDD52BCD3CBB00063AC5 /* Sources */ = {
			isa = PBXSourcesBuildPhase;
			buildActionMask = 2147483647;
			files = (
				4E19BDDF2BCD3CBB00063AC5 /* ContentView.swift in Sources */,
				4E3CB8DC2BD006280028DCA4 /* FiveDaysForecastRowView.swift in Sources */,
				4E3CB8DE2BD0066F0028DCA4 /* FiveDaysForecastDayView.swift in Sources */,
				4E19BE292BCD8DE900063AC5 /* Endpoint.swift in Sources */,
				4E3CB8E12BD00A3C0028DCA4 /* DetailForecastView.swift in Sources */,
				4E19BE172BCD857B00063AC5 /* OpenWeatherMapClient.swift in Sources */,
				4E3CB8EC2BD015BA0028DCA4 /* DummyFiveDaysForecastLoader.swift in Sources */,
				4E3CB8DA2BCFEFB60028DCA4 /* AsyncIconView.swift in Sources */,
				4E19BDDD2BCD3CBB00063AC5 /* OpenWeatherMapApp.swift in Sources */,
				4E19BE2B2BCE5AB300063AC5 /* OpenWeatherMapEndpoint.swift in Sources */,
				4E19BE102BCD798500063AC5 /* FiveDaysForecastView.swift in Sources */,
				4E3CB8E42BD00EF80028DCA4 /* TimeInterval+OpenWeatherMap.swift in Sources */,
				4E19BE0A2BCD74FB00063AC5 /* FiveDaysForecast.swift in Sources */,
				4E19BE2E2BCE5AE600063AC5 /* FiveDaysForecastEndpoint.swift in Sources */,
				4E3CB8E62BD00F5E0028DCA4 /* RoundedRectangleButtonStyle.swift in Sources */,
				4E19BE262BCD8B9100063AC5 /* NetworkService.swift in Sources */,
				4E19BE322BCEEDEF00063AC5 /* WeatherIconEndpoint.swift in Sources */,
			);
			runOnlyForDeploymentPostprocessing = 0;
		};
		4E19BDE52BCD3CBC00063AC5 /* Sources */ = {
			isa = PBXSourcesBuildPhase;
			buildActionMask = 2147483647;
			files = (
				4E19BDEE2BCD3CBC00063AC5 /* OpenWeatherMapTests.swift in Sources */,
			);
			runOnlyForDeploymentPostprocessing = 0;
		};
		4E19BDEF2BCD3CBC00063AC5 /* Sources */ = {
			isa = PBXSourcesBuildPhase;
			buildActionMask = 2147483647;
			files = (
				4E19BDFA2BCD3CBC00063AC5 /* OpenWeatherMapUITestsLaunchTests.swift in Sources */,
				4E19BDF82BCD3CBC00063AC5 /* OpenWeatherMapUITests.swift in Sources */,
			);
			runOnlyForDeploymentPostprocessing = 0;
		};
/* End PBXSourcesBuildPhase section */

/* Begin PBXTargetDependency section */
		4E19BDEB2BCD3CBC00063AC5 /* PBXTargetDependency */ = {
			isa = PBXTargetDependency;
			target = 4E19BDD82BCD3CBB00063AC5 /* OpenWeatherMap */;
			targetProxy = 4E19BDEA2BCD3CBC00063AC5 /* PBXContainerItemProxy */;
		};
		4E19BDF52BCD3CBC00063AC5 /* PBXTargetDependency */ = {
			isa = PBXTargetDependency;
			target = 4E19BDD82BCD3CBB00063AC5 /* OpenWeatherMap */;
			targetProxy = 4E19BDF42BCD3CBC00063AC5 /* PBXContainerItemProxy */;
		};
/* End PBXTargetDependency section */

/* Begin XCBuildConfiguration section */
		4E19BDFB2BCD3CBC00063AC5 /* Debug */ = {
			isa = XCBuildConfiguration;
			buildSettings = {
				ALWAYS_SEARCH_USER_PATHS = NO;
				ASSETCATALOG_COMPILER_GENERATE_SWIFT_ASSET_SYMBOL_EXTENSIONS = YES;
				CLANG_ANALYZER_NONNULL = YES;
				CLANG_ANALYZER_NUMBER_OBJECT_CONVERSION = YES_AGGRESSIVE;
				CLANG_CXX_LANGUAGE_STANDARD = "gnu++20";
				CLANG_ENABLE_MODULES = YES;
				CLANG_ENABLE_OBJC_ARC = YES;
				CLANG_ENABLE_OBJC_WEAK = YES;
				CLANG_WARN_BLOCK_CAPTURE_AUTORELEASING = YES;
				CLANG_WARN_BOOL_CONVERSION = YES;
				CLANG_WARN_COMMA = YES;
				CLANG_WARN_CONSTANT_CONVERSION = YES;
				CLANG_WARN_DEPRECATED_OBJC_IMPLEMENTATIONS = YES;
				CLANG_WARN_DIRECT_OBJC_ISA_USAGE = YES_ERROR;
				CLANG_WARN_DOCUMENTATION_COMMENTS = YES;
				CLANG_WARN_EMPTY_BODY = YES;
				CLANG_WARN_ENUM_CONVERSION = YES;
				CLANG_WARN_INFINITE_RECURSION = YES;
				CLANG_WARN_INT_CONVERSION = YES;
				CLANG_WARN_NON_LITERAL_NULL_CONVERSION = YES;
				CLANG_WARN_OBJC_IMPLICIT_RETAIN_SELF = YES;
				CLANG_WARN_OBJC_LITERAL_CONVERSION = YES;
				CLANG_WARN_OBJC_ROOT_CLASS = YES_ERROR;
				CLANG_WARN_QUOTED_INCLUDE_IN_FRAMEWORK_HEADER = YES;
				CLANG_WARN_RANGE_LOOP_ANALYSIS = YES;
				CLANG_WARN_STRICT_PROTOTYPES = YES;
				CLANG_WARN_SUSPICIOUS_MOVE = YES;
				CLANG_WARN_UNGUARDED_AVAILABILITY = YES_AGGRESSIVE;
				CLANG_WARN_UNREACHABLE_CODE = YES;
				CLANG_WARN__DUPLICATE_METHOD_MATCH = YES;
				COPY_PHASE_STRIP = NO;
				DEBUG_INFORMATION_FORMAT = dwarf;
				ENABLE_STRICT_OBJC_MSGSEND = YES;
				ENABLE_TESTABILITY = YES;
				ENABLE_USER_SCRIPT_SANDBOXING = YES;
				GCC_C_LANGUAGE_STANDARD = gnu17;
				GCC_DYNAMIC_NO_PIC = NO;
				GCC_NO_COMMON_BLOCKS = YES;
				GCC_OPTIMIZATION_LEVEL = 0;
				GCC_PREPROCESSOR_DEFINITIONS = (
					"DEBUG=1",
					"$(inherited)",
				);
				GCC_WARN_64_TO_32_BIT_CONVERSION = YES;
				GCC_WARN_ABOUT_RETURN_TYPE = YES_ERROR;
				GCC_WARN_UNDECLARED_SELECTOR = YES;
				GCC_WARN_UNINITIALIZED_AUTOS = YES_AGGRESSIVE;
				GCC_WARN_UNUSED_FUNCTION = YES;
				GCC_WARN_UNUSED_VARIABLE = YES;
				IPHONEOS_DEPLOYMENT_TARGET = 17.4;
				LOCALIZATION_PREFERS_STRING_CATALOGS = YES;
				MTL_ENABLE_DEBUG_INFO = INCLUDE_SOURCE;
				MTL_FAST_MATH = YES;
				ONLY_ACTIVE_ARCH = YES;
				SDKROOT = iphoneos;
				SWIFT_ACTIVE_COMPILATION_CONDITIONS = "DEBUG $(inherited)";
				SWIFT_OPTIMIZATION_LEVEL = "-Onone";
			};
			name = Debug;
		};
		4E19BDFC2BCD3CBC00063AC5 /* Release */ = {
			isa = XCBuildConfiguration;
			buildSettings = {
				ALWAYS_SEARCH_USER_PATHS = NO;
				ASSETCATALOG_COMPILER_GENERATE_SWIFT_ASSET_SYMBOL_EXTENSIONS = YES;
				CLANG_ANALYZER_NONNULL = YES;
				CLANG_ANALYZER_NUMBER_OBJECT_CONVERSION = YES_AGGRESSIVE;
				CLANG_CXX_LANGUAGE_STANDARD = "gnu++20";
				CLANG_ENABLE_MODULES = YES;
				CLANG_ENABLE_OBJC_ARC = YES;
				CLANG_ENABLE_OBJC_WEAK = YES;
				CLANG_WARN_BLOCK_CAPTURE_AUTORELEASING = YES;
				CLANG_WARN_BOOL_CONVERSION = YES;
				CLANG_WARN_COMMA = YES;
				CLANG_WARN_CONSTANT_CONVERSION = YES;
				CLANG_WARN_DEPRECATED_OBJC_IMPLEMENTATIONS = YES;
				CLANG_WARN_DIRECT_OBJC_ISA_USAGE = YES_ERROR;
				CLANG_WARN_DOCUMENTATION_COMMENTS = YES;
				CLANG_WARN_EMPTY_BODY = YES;
				CLANG_WARN_ENUM_CONVERSION = YES;
				CLANG_WARN_INFINITE_RECURSION = YES;
				CLANG_WARN_INT_CONVERSION = YES;
				CLANG_WARN_NON_LITERAL_NULL_CONVERSION = YES;
				CLANG_WARN_OBJC_IMPLICIT_RETAIN_SELF = YES;
				CLANG_WARN_OBJC_LITERAL_CONVERSION = YES;
				CLANG_WARN_OBJC_ROOT_CLASS = YES_ERROR;
				CLANG_WARN_QUOTED_INCLUDE_IN_FRAMEWORK_HEADER = YES;
				CLANG_WARN_RANGE_LOOP_ANALYSIS = YES;
				CLANG_WARN_STRICT_PROTOTYPES = YES;
				CLANG_WARN_SUSPICIOUS_MOVE = YES;
				CLANG_WARN_UNGUARDED_AVAILABILITY = YES_AGGRESSIVE;
				CLANG_WARN_UNREACHABLE_CODE = YES;
				CLANG_WARN__DUPLICATE_METHOD_MATCH = YES;
				COPY_PHASE_STRIP = NO;
				DEBUG_INFORMATION_FORMAT = "dwarf-with-dsym";
				ENABLE_NS_ASSERTIONS = NO;
				ENABLE_STRICT_OBJC_MSGSEND = YES;
				ENABLE_USER_SCRIPT_SANDBOXING = YES;
				GCC_C_LANGUAGE_STANDARD = gnu17;
				GCC_NO_COMMON_BLOCKS = YES;
				GCC_WARN_64_TO_32_BIT_CONVERSION = YES;
				GCC_WARN_ABOUT_RETURN_TYPE = YES_ERROR;
				GCC_WARN_UNDECLARED_SELECTOR = YES;
				GCC_WARN_UNINITIALIZED_AUTOS = YES_AGGRESSIVE;
				GCC_WARN_UNUSED_FUNCTION = YES;
				GCC_WARN_UNUSED_VARIABLE = YES;
				IPHONEOS_DEPLOYMENT_TARGET = 17.4;
				LOCALIZATION_PREFERS_STRING_CATALOGS = YES;
				MTL_ENABLE_DEBUG_INFO = NO;
				MTL_FAST_MATH = YES;
				SDKROOT = iphoneos;
				SWIFT_COMPILATION_MODE = wholemodule;
				VALIDATE_PRODUCT = YES;
			};
			name = Release;
		};
		4E19BDFE2BCD3CBC00063AC5 /* Debug */ = {
			isa = XCBuildConfiguration;
			buildSettings = {
				ASSETCATALOG_COMPILER_APPICON_NAME = AppIcon;
				ASSETCATALOG_COMPILER_GLOBAL_ACCENT_COLOR_NAME = AccentColor;
				CODE_SIGN_STYLE = Automatic;
				CURRENT_PROJECT_VERSION = 1;
				DEVELOPMENT_ASSET_PATHS = "\"OpenWeatherMap/Preview Content\"";
				DEVELOPMENT_TEAM = N74TV576H8;
				ENABLE_PREVIEWS = YES;
				GENERATE_INFOPLIST_FILE = YES;
				INFOPLIST_KEY_UIApplicationSceneManifest_Generation = YES;
				INFOPLIST_KEY_UIApplicationSupportsIndirectInputEvents = YES;
				INFOPLIST_KEY_UILaunchScreen_Generation = YES;
				INFOPLIST_KEY_UISupportedInterfaceOrientations_iPad = "UIInterfaceOrientationPortrait UIInterfaceOrientationPortraitUpsideDown UIInterfaceOrientationLandscapeLeft UIInterfaceOrientationLandscapeRight";
				INFOPLIST_KEY_UISupportedInterfaceOrientations_iPhone = "UIInterfaceOrientationPortrait UIInterfaceOrientationLandscapeLeft UIInterfaceOrientationLandscapeRight";
				LD_RUNPATH_SEARCH_PATHS = (
					"$(inherited)",
					"@executable_path/Frameworks",
				);
				MARKETING_VERSION = 1.0;
				PRODUCT_BUNDLE_IDENTIFIER = org.dag.OpenWeatherMap;
				PRODUCT_NAME = "$(TARGET_NAME)";
				SWIFT_EMIT_LOC_STRINGS = YES;
				SWIFT_VERSION = 5.0;
				TARGETED_DEVICE_FAMILY = "1,2";
			};
			name = Debug;
		};
		4E19BDFF2BCD3CBC00063AC5 /* Release */ = {
			isa = XCBuildConfiguration;
			buildSettings = {
				ASSETCATALOG_COMPILER_APPICON_NAME = AppIcon;
				ASSETCATALOG_COMPILER_GLOBAL_ACCENT_COLOR_NAME = AccentColor;
				CODE_SIGN_STYLE = Automatic;
				CURRENT_PROJECT_VERSION = 1;
				DEVELOPMENT_ASSET_PATHS = "\"OpenWeatherMap/Preview Content\"";
				DEVELOPMENT_TEAM = N74TV576H8;
				ENABLE_PREVIEWS = YES;
				GENERATE_INFOPLIST_FILE = YES;
				INFOPLIST_KEY_UIApplicationSceneManifest_Generation = YES;
				INFOPLIST_KEY_UIApplicationSupportsIndirectInputEvents = YES;
				INFOPLIST_KEY_UILaunchScreen_Generation = YES;
				INFOPLIST_KEY_UISupportedInterfaceOrientations_iPad = "UIInterfaceOrientationPortrait UIInterfaceOrientationPortraitUpsideDown UIInterfaceOrientationLandscapeLeft UIInterfaceOrientationLandscapeRight";
				INFOPLIST_KEY_UISupportedInterfaceOrientations_iPhone = "UIInterfaceOrientationPortrait UIInterfaceOrientationLandscapeLeft UIInterfaceOrientationLandscapeRight";
				LD_RUNPATH_SEARCH_PATHS = (
					"$(inherited)",
					"@executable_path/Frameworks",
				);
				MARKETING_VERSION = 1.0;
				PRODUCT_BUNDLE_IDENTIFIER = org.dag.OpenWeatherMap;
				PRODUCT_NAME = "$(TARGET_NAME)";
				SWIFT_EMIT_LOC_STRINGS = YES;
				SWIFT_VERSION = 5.0;
				TARGETED_DEVICE_FAMILY = "1,2";
			};
			name = Release;
		};
		4E19BE012BCD3CBC00063AC5 /* Debug */ = {
			isa = XCBuildConfiguration;
			buildSettings = {
				ALWAYS_EMBED_SWIFT_STANDARD_LIBRARIES = YES;
				BUNDLE_LOADER = "$(TEST_HOST)";
				CODE_SIGN_STYLE = Automatic;
				CURRENT_PROJECT_VERSION = 1;
				DEVELOPMENT_TEAM = N74TV576H8;
				GENERATE_INFOPLIST_FILE = YES;
				IPHONEOS_DEPLOYMENT_TARGET = 17.4;
				MARKETING_VERSION = 1.0;
				PRODUCT_BUNDLE_IDENTIFIER = org.dag.OpenWeatherMapTests;
				PRODUCT_NAME = "$(TARGET_NAME)";
				SWIFT_EMIT_LOC_STRINGS = NO;
				SWIFT_VERSION = 5.0;
				TARGETED_DEVICE_FAMILY = "1,2";
				TEST_HOST = "$(BUILT_PRODUCTS_DIR)/OpenWeatherMap.app/$(BUNDLE_EXECUTABLE_FOLDER_PATH)/OpenWeatherMap";
			};
			name = Debug;
		};
		4E19BE022BCD3CBC00063AC5 /* Release */ = {
			isa = XCBuildConfiguration;
			buildSettings = {
				ALWAYS_EMBED_SWIFT_STANDARD_LIBRARIES = YES;
				BUNDLE_LOADER = "$(TEST_HOST)";
				CODE_SIGN_STYLE = Automatic;
				CURRENT_PROJECT_VERSION = 1;
				DEVELOPMENT_TEAM = N74TV576H8;
				GENERATE_INFOPLIST_FILE = YES;
				IPHONEOS_DEPLOYMENT_TARGET = 17.4;
				MARKETING_VERSION = 1.0;
				PRODUCT_BUNDLE_IDENTIFIER = org.dag.OpenWeatherMapTests;
				PRODUCT_NAME = "$(TARGET_NAME)";
				SWIFT_EMIT_LOC_STRINGS = NO;
				SWIFT_VERSION = 5.0;
				TARGETED_DEVICE_FAMILY = "1,2";
				TEST_HOST = "$(BUILT_PRODUCTS_DIR)/OpenWeatherMap.app/$(BUNDLE_EXECUTABLE_FOLDER_PATH)/OpenWeatherMap";
			};
			name = Release;
		};
		4E19BE042BCD3CBC00063AC5 /* Debug */ = {
			isa = XCBuildConfiguration;
			buildSettings = {
				ALWAYS_EMBED_SWIFT_STANDARD_LIBRARIES = YES;
				CODE_SIGN_STYLE = Automatic;
				CURRENT_PROJECT_VERSION = 1;
				DEVELOPMENT_TEAM = N74TV576H8;
				GENERATE_INFOPLIST_FILE = YES;
				MARKETING_VERSION = 1.0;
				PRODUCT_BUNDLE_IDENTIFIER = org.dag.OpenWeatherMapUITests;
				PRODUCT_NAME = "$(TARGET_NAME)";
				SWIFT_EMIT_LOC_STRINGS = NO;
				SWIFT_VERSION = 5.0;
				TARGETED_DEVICE_FAMILY = "1,2";
				TEST_TARGET_NAME = OpenWeatherMap;
			};
			name = Debug;
		};
		4E19BE052BCD3CBC00063AC5 /* Release */ = {
			isa = XCBuildConfiguration;
			buildSettings = {
				ALWAYS_EMBED_SWIFT_STANDARD_LIBRARIES = YES;
				CODE_SIGN_STYLE = Automatic;
				CURRENT_PROJECT_VERSION = 1;
				DEVELOPMENT_TEAM = N74TV576H8;
				GENERATE_INFOPLIST_FILE = YES;
				MARKETING_VERSION = 1.0;
				PRODUCT_BUNDLE_IDENTIFIER = org.dag.OpenWeatherMapUITests;
				PRODUCT_NAME = "$(TARGET_NAME)";
				SWIFT_EMIT_LOC_STRINGS = NO;
				SWIFT_VERSION = 5.0;
				TARGETED_DEVICE_FAMILY = "1,2";
				TEST_TARGET_NAME = OpenWeatherMap;
			};
			name = Release;
		};
/* End XCBuildConfiguration section */

/* Begin XCConfigurationList section */
		4E19BDD42BCD3CBB00063AC5 /* Build configuration list for PBXProject "OpenWeatherMap" */ = {
			isa = XCConfigurationList;
			buildConfigurations = (
				4E19BDFB2BCD3CBC00063AC5 /* Debug */,
				4E19BDFC2BCD3CBC00063AC5 /* Release */,
			);
			defaultConfigurationIsVisible = 0;
			defaultConfigurationName = Release;
		};
		4E19BDFD2BCD3CBC00063AC5 /* Build configuration list for PBXNativeTarget "OpenWeatherMap" */ = {
			isa = XCConfigurationList;
			buildConfigurations = (
				4E19BDFE2BCD3CBC00063AC5 /* Debug */,
				4E19BDFF2BCD3CBC00063AC5 /* Release */,
			);
			defaultConfigurationIsVisible = 0;
			defaultConfigurationName = Release;
		};
		4E19BE002BCD3CBC00063AC5 /* Build configuration list for PBXNativeTarget "OpenWeatherMapTests" */ = {
			isa = XCConfigurationList;
			buildConfigurations = (
				4E19BE012BCD3CBC00063AC5 /* Debug */,
				4E19BE022BCD3CBC00063AC5 /* Release */,
			);
			defaultConfigurationIsVisible = 0;
			defaultConfigurationName = Release;
		};
		4E19BE032BCD3CBC00063AC5 /* Build configuration list for PBXNativeTarget "OpenWeatherMapUITests" */ = {
			isa = XCConfigurationList;
			buildConfigurations = (
				4E19BE042BCD3CBC00063AC5 /* Debug */,
				4E19BE052BCD3CBC00063AC5 /* Release */,
			);
			defaultConfigurationIsVisible = 0;
			defaultConfigurationName = Release;
		};
/* End XCConfigurationList section */

/* Begin XCRemoteSwiftPackageReference section */
		4E19BE192BCD8A6000063AC5 /* XCRemoteSwiftPackageReference "RxSwift" */ = {
			isa = XCRemoteSwiftPackageReference;
			repositoryURL = "https://github.com/ReactiveX/RxSwift.git";
			requirement = {
				kind = upToNextMajorVersion;
				minimumVersion = 6.6.0;
			};
		};
/* End XCRemoteSwiftPackageReference section */

/* Begin XCSwiftPackageProductDependency section */
		4E19BE1A2BCD8A6000063AC5 /* RxBlocking */ = {
			isa = XCSwiftPackageProductDependency;
			package = 4E19BE192BCD8A6000063AC5 /* XCRemoteSwiftPackageReference "RxSwift" */;
			productName = RxBlocking;
		};
		4E19BE1C2BCD8A6000063AC5 /* RxBlocking-Dynamic */ = {
			isa = XCSwiftPackageProductDependency;
			package = 4E19BE192BCD8A6000063AC5 /* XCRemoteSwiftPackageReference "RxSwift" */;
			productName = "RxBlocking-Dynamic";
		};
		4E19BE1E2BCD8A6000063AC5 /* RxCocoa */ = {
			isa = XCSwiftPackageProductDependency;
			package = 4E19BE192BCD8A6000063AC5 /* XCRemoteSwiftPackageReference "RxSwift" */;
			productName = RxCocoa;
		};
		4E19BE202BCD8A6000063AC5 /* RxCocoa-Dynamic */ = {
			isa = XCSwiftPackageProductDependency;
			package = 4E19BE192BCD8A6000063AC5 /* XCRemoteSwiftPackageReference "RxSwift" */;
			productName = "RxCocoa-Dynamic";
		};
		4E19BE222BCD8A6000063AC5 /* RxRelay */ = {
			isa = XCSwiftPackageProductDependency;
			package = 4E19BE192BCD8A6000063AC5 /* XCRemoteSwiftPackageReference "RxSwift" */;
			productName = RxRelay;
		};
/* End XCSwiftPackageProductDependency section */
	};
	rootObject = 4E19BDD12BCD3CBB00063AC5 /* Project object */;
}
